
Microsoft Visual Studio Solution File, Format Version 12.00
# Visual Studio 15
VisualStudioVersion = 15.0.26124.0
MinimumVisualStudioVersion = 15.0.26124.0
Project("{2150E333-8FDC-42A3-9474-1A3956D46DE8}") = "src", "src", "{E5476AD3-8E64-4620-BDE1-492BD89476C2}"
EndProject
Project("{FAE04EC0-301F-11D3-BF4B-00C04F79EFBC}") = "Smdn.Reflection.ReverseGenerating", "Smdn.Reflection.ReverseGenerating.csproj", "{3BFFFBB1-EEE0-4E43-90FC-51E5D53EF8AF}"
EndProject
Project("{FAE04EC0-301F-11D3-BF4B-00C04F79EFBC}") = "Smdn.Reflection", "..\..\Smdn.Reflection\src\Smdn.Reflection.csproj", "{89A6A209-0829-412C-A59C-5E9C7298C2AA}"
EndProject
Project("{2150E333-8FDC-42A3-9474-1A3956D46DE8}") = "test", "test", "{9CCDFB57-0F49-4688-AF9A-1E3EA041C1D0}"
EndProject
Project("{FAE04EC0-301F-11D3-BF4B-00C04F79EFBC}") = "Smdn.Reflection.ReverseGenerating.Tests", "..\test\Smdn.Reflection.ReverseGenerating.Tests.csproj", "{B4CDE1C3-1344-4FA7-B776-18D77A54AC6D}"
EndProject
Global
	GlobalSection(SolutionConfigurationPlatforms) = preSolution
		Debug|Any CPU = Debug|Any CPU
		Debug|x64 = Debug|x64
		Debug|x86 = Debug|x86
		Release|Any CPU = Release|Any CPU
		Release|x64 = Release|x64
		Release|x86 = Release|x86
	EndGlobalSection
	GlobalSection(SolutionProperties) = preSolution
		HideSolutionNode = FALSE
	EndGlobalSection
	GlobalSection(ProjectConfigurationPlatforms) = postSolution
		{3BFFFBB1-EEE0-4E43-90FC-51E5D53EF8AF}.Debug|Any CPU.ActiveCfg = Debug|Any CPU
		{3BFFFBB1-EEE0-4E43-90FC-51E5D53EF8AF}.Debug|Any CPU.Build.0 = Debug|Any CPU
		{3BFFFBB1-EEE0-4E43-90FC-51E5D53EF8AF}.Debug|x64.ActiveCfg = Debug|Any CPU
		{3BFFFBB1-EEE0-4E43-90FC-51E5D53EF8AF}.Debug|x64.Build.0 = Debug|Any CPU
		{3BFFFBB1-EEE0-4E43-90FC-51E5D53EF8AF}.Debug|x86.ActiveCfg = Debug|Any CPU
		{3BFFFBB1-EEE0-4E43-90FC-51E5D53EF8AF}.Debug|x86.Build.0 = Debug|Any CPU
		{3BFFFBB1-EEE0-4E43-90FC-51E5D53EF8AF}.Release|Any CPU.ActiveCfg = Release|Any CPU
		{3BFFFBB1-EEE0-4E43-90FC-51E5D53EF8AF}.Release|Any CPU.Build.0 = Release|Any CPU
		{3BFFFBB1-EEE0-4E43-90FC-51E5D53EF8AF}.Release|x64.ActiveCfg = Release|Any CPU
		{3BFFFBB1-EEE0-4E43-90FC-51E5D53EF8AF}.Release|x64.Build.0 = Release|Any CPU
		{3BFFFBB1-EEE0-4E43-90FC-51E5D53EF8AF}.Release|x86.ActiveCfg = Release|Any CPU
		{3BFFFBB1-EEE0-4E43-90FC-51E5D53EF8AF}.Release|x86.Build.0 = Release|Any CPU
		{89A6A209-0829-412C-A59C-5E9C7298C2AA}.Debug|Any CPU.ActiveCfg = Debug|Any CPU
		{89A6A209-0829-412C-A59C-5E9C7298C2AA}.Debug|Any CPU.Build.0 = Debug|Any CPU
		{89A6A209-0829-412C-A59C-5E9C7298C2AA}.Debug|x64.ActiveCfg = Debug|Any CPU
		{89A6A209-0829-412C-A59C-5E9C7298C2AA}.Debug|x64.Build.0 = Debug|Any CPU
		{89A6A209-0829-412C-A59C-5E9C7298C2AA}.Debug|x86.ActiveCfg = Debug|Any CPU
		{89A6A209-0829-412C-A59C-5E9C7298C2AA}.Debug|x86.Build.0 = Debug|Any CPU
		{89A6A209-0829-412C-A59C-5E9C7298C2AA}.Release|Any CPU.ActiveCfg = Release|Any CPU
		{89A6A209-0829-412C-A59C-5E9C7298C2AA}.Release|Any CPU.Build.0 = Release|Any CPU
		{89A6A209-0829-412C-A59C-5E9C7298C2AA}.Release|x64.ActiveCfg = Release|Any CPU
		{89A6A209-0829-412C-A59C-5E9C7298C2AA}.Release|x64.Build.0 = Release|Any CPU
		{89A6A209-0829-412C-A59C-5E9C7298C2AA}.Release|x86.ActiveCfg = Release|Any CPU
		{89A6A209-0829-412C-A59C-5E9C7298C2AA}.Release|x86.Build.0 = Release|Any CPU
		{B4CDE1C3-1344-4FA7-B776-18D77A54AC6D}.Debug|Any CPU.ActiveCfg = Debug|Any CPU
		{B4CDE1C3-1344-4FA7-B776-18D77A54AC6D}.Debug|Any CPU.Build.0 = Debug|Any CPU
		{B4CDE1C3-1344-4FA7-B776-18D77A54AC6D}.Debug|x64.ActiveCfg = Debug|Any CPU
		{B4CDE1C3-1344-4FA7-B776-18D77A54AC6D}.Debug|x64.Build.0 = Debug|Any CPU
		{B4CDE1C3-1344-4FA7-B776-18D77A54AC6D}.Debug|x86.ActiveCfg = Debug|Any CPU
		{B4CDE1C3-1344-4FA7-B776-18D77A54AC6D}.Debug|x86.Build.0 = Debug|Any CPU
		{B4CDE1C3-1344-4FA7-B776-18D77A54AC6D}.Release|Any CPU.ActiveCfg = Release|Any CPU
		{B4CDE1C3-1344-4FA7-B776-18D77A54AC6D}.Release|Any CPU.Build.0 = Release|Any CPU
		{B4CDE1C3-1344-4FA7-B776-18D77A54AC6D}.Release|x64.ActiveCfg = Release|Any CPU
		{B4CDE1C3-1344-4FA7-B776-18D77A54AC6D}.Release|x64.Build.0 = Release|Any CPU
		{B4CDE1C3-1344-4FA7-B776-18D77A54AC6D}.Release|x86.ActiveCfg = Release|Any CPU
		{B4CDE1C3-1344-4FA7-B776-18D77A54AC6D}.Release|x86.Build.0 = Release|Any CPU
	EndGlobalSection
	GlobalSection(NestedProjects) = preSolution
		{3BFFFBB1-EEE0-4E43-90FC-51E5D53EF8AF} = {E5476AD3-8E64-4620-BDE1-492BD89476C2}
		{89A6A209-0829-412C-A59C-5E9C7298C2AA} = {E5476AD3-8E64-4620-BDE1-492BD89476C2}
		{B4CDE1C3-1344-4FA7-B776-18D77A54AC6D} = {9CCDFB57-0F49-4688-AF9A-1E3EA041C1D0}
	EndGlobalSection
EndGlobal
